
Microsoft Visual Studio Solution File, Format Version 12.00
# Visual Studio Version 17
VisualStudioVersion = 17.0.31903.59
MinimumVisualStudioVersion = 10.0.40219.1
Project("{FAE04EC0-301F-11D3-BF4B-00C04F79EFBC}") = "ClassLibrary1", "ClassLibrary1\ClassLibrary1.csproj", "{FFE4BBD2-40E1-4111-8963-39C36E62B2F4}"
EndProject
Global
	GlobalSection(SolutionConfigurationPlatforms) = preSolution
		Debug|Any CPU = Debug|Any CPU
		Release|Any CPU = Release|Any CPU
	EndGlobalSection
	GlobalSection(SolutionProperties) = preSolution
		HideSolutionNode = FALSE
	EndGlobalSection
	GlobalSection(ProjectConfigurationPlatforms) = postSolution
		{FFE4BBD2-40E1-4111-8963-39C36E62B2F4}.Debug|Any CPU.ActiveCfg = Debug|Any CPU
		{FFE4BBD2-40E1-4111-8963-39C36E62B2F4}.Debug|Any CPU.Build.0 = Debug|Any CPU
		{FFE4BBD2-40E1-4111-8963-39C36E62B2F4}.Release|Any CPU.ActiveCfg = Release|Any CPU
		{FFE4BBD2-40E1-4111-8963-39C36E62B2F4}.Release|Any CPU.Build.0 = Release|Any CPU
	EndGlobalSection
EndGlobal
